
Microsoft Visual Studio Solution File, Format Version 12.00
# Visual Studio Version 16
VisualStudioVersion = 16.0.30907.101
MinimumVisualStudioVersion = 10.0.40219.1
Project("{888888A0-9F3D-457C-B088-3A5042F75D52}") = "SmartCar", "SmartCar.pyproj", "{D83A771B-5176-4518-859A-1CDA20EF1232}"
EndProject
Global
	GlobalSection(SolutionConfigurationPlatforms) = preSolution
		Debug|Any CPU = Debug|Any CPU
		Release|Any CPU = Release|Any CPU
	EndGlobalSection
	GlobalSection(ProjectConfigurationPlatforms) = postSolution
		{D83A771B-5176-4518-859A-1CDA20EF1232}.Debug|Any CPU.ActiveCfg = Debug|Any CPU
		{D83A771B-5176-4518-859A-1CDA20EF1232}.Release|Any CPU.ActiveCfg = Release|Any CPU
	EndGlobalSection
	GlobalSection(SolutionProperties) = preSolution
		HideSolutionNode = FALSE
	EndGlobalSection
	GlobalSection(ExtensibilityGlobals) = postSolution
		SolutionGuid = {90F6912B-7B82-47A7-8E25-70D71DBA66E4}
	EndGlobalSection
EndGlobal
